
Microsoft Visual Studio Solution File, Format Version 12.00
# Visual Studio Version 17
VisualStudioVersion = 17.10.34916.146
MinimumVisualStudioVersion = 10.0.40219.1
Project("{FAE04EC0-301F-11D3-BF4B-00C04F79EFBC}") = "Employeemanagement", "Employeemanagement\Employeemanagement.csproj", "{2CDA4CB8-E201-4134-9843-9F0113A3182B}"
EndProject
Global
	GlobalSection(SolutionConfigurationPlatforms) = preSolution
		Debug|Any CPU = Debug|Any CPU
		Release|Any CPU = Release|Any CPU
	EndGlobalSection
	GlobalSection(ProjectConfigurationPlatforms) = postSolution
		{2CDA4CB8-E201-4134-9843-9F0113A3182B}.Debug|Any CPU.ActiveCfg = Debug|Any CPU
		{2CDA4CB8-E201-4134-9843-9F0113A3182B}.Debug|Any CPU.Build.0 = Debug|Any CPU
		{2CDA4CB8-E201-4134-9843-9F0113A3182B}.Release|Any CPU.ActiveCfg = Release|Any CPU
		{2CDA4CB8-E201-4134-9843-9F0113A3182B}.Release|Any CPU.Build.0 = Release|Any CPU
	EndGlobalSection
	GlobalSection(SolutionProperties) = preSolution
		HideSolutionNode = FALSE
	EndGlobalSection
	GlobalSection(ExtensibilityGlobals) = postSolution
		SolutionGuid = {5942FCA2-FE5D-4440-9161-61ACB9F75EC6}
	EndGlobalSection
EndGlobal
